
Microsoft Visual Studio Solution File, Format Version 12.00
# Visual Studio 2012
Project("{FAE04EC0-301F-11D3-BF4B-00C04F79EFBC}") = "uix86", "uix86\uix86.csproj", "{1FF0D4D6-A612-449C-9331-013B7D810E9E}"
EndProject
Project("{FAE04EC0-301F-11D3-BF4B-00C04F79EFBC}") = "qagamex86", "qagamex86\qagamex86.csproj", "{B0D8944D-B4CD-4835-BD26-49E2C7934D97}"
EndProject
Project("{FAE04EC0-301F-11D3-BF4B-00C04F79EFBC}") = "cgamex86", "cgamex86\cgamex86.csproj", "{51F8841B-E39C-4B31-9FD8-3374C101C74E}"
EndProject
Project("{FAE04EC0-301F-11D3-BF4B-00C04F79EFBC}") = "quakelive_launcher", "quakelive_bollocks\quakelive_launcher.csproj", "{13A3B924-9D13-422A-B6F4-EE7B14C1BBE0}"
	ProjectSection(ProjectDependencies) = postProject
		{51F8841B-E39C-4B31-9FD8-3374C101C74E} = {51F8841B-E39C-4B31-9FD8-3374C101C74E}
		{B0D8944D-B4CD-4835-BD26-49E2C7934D97} = {B0D8944D-B4CD-4835-BD26-49E2C7934D97}
		{4BF00B6C-2395-4368-A31C-239C4A459A7B} = {4BF00B6C-2395-4368-A31C-239C4A459A7B}
		{1FF0D4D6-A612-449C-9331-013B7D810E9E} = {1FF0D4D6-A612-449C-9331-013B7D810E9E}
	EndProjectSection
EndProject
Project("{FAE04EC0-301F-11D3-BF4B-00C04F79EFBC}") = "hackfest", "Hackfest\hackfest.csproj", "{4BF00B6C-2395-4368-A31C-239C4A459A7B}"
EndProject
Global
	GlobalSection(SolutionConfigurationPlatforms) = preSolution
		Debug|Any CPU = Debug|Any CPU
		Debug|x86 = Debug|x86
		Release|Any CPU = Release|Any CPU
		Release|x86 = Release|x86
	EndGlobalSection
	GlobalSection(ProjectConfigurationPlatforms) = postSolution
		{1FF0D4D6-A612-449C-9331-013B7D810E9E}.Debug|Any CPU.ActiveCfg = Debug|Any CPU
		{1FF0D4D6-A612-449C-9331-013B7D810E9E}.Debug|Any CPU.Build.0 = Debug|Any CPU
		{1FF0D4D6-A612-449C-9331-013B7D810E9E}.Debug|x86.ActiveCfg = Debug|Any CPU
		{1FF0D4D6-A612-449C-9331-013B7D810E9E}.Release|Any CPU.ActiveCfg = Release|Any CPU
		{1FF0D4D6-A612-449C-9331-013B7D810E9E}.Release|Any CPU.Build.0 = Release|Any CPU
		{1FF0D4D6-A612-449C-9331-013B7D810E9E}.Release|x86.ActiveCfg = Release|Any CPU
		{B0D8944D-B4CD-4835-BD26-49E2C7934D97}.Debug|Any CPU.ActiveCfg = Debug|Any CPU
		{B0D8944D-B4CD-4835-BD26-49E2C7934D97}.Debug|Any CPU.Build.0 = Debug|Any CPU
		{B0D8944D-B4CD-4835-BD26-49E2C7934D97}.Debug|x86.ActiveCfg = Debug|Any CPU
		{B0D8944D-B4CD-4835-BD26-49E2C7934D97}.Release|Any CPU.ActiveCfg = Release|Any CPU
		{B0D8944D-B4CD-4835-BD26-49E2C7934D97}.Release|Any CPU.Build.0 = Release|Any CPU
		{B0D8944D-B4CD-4835-BD26-49E2C7934D97}.Release|x86.ActiveCfg = Release|Any CPU
		{51F8841B-E39C-4B31-9FD8-3374C101C74E}.Debug|Any CPU.ActiveCfg = Debug|Any CPU
		{51F8841B-E39C-4B31-9FD8-3374C101C74E}.Debug|Any CPU.Build.0 = Debug|Any CPU
		{51F8841B-E39C-4B31-9FD8-3374C101C74E}.Debug|x86.ActiveCfg = Debug|x86
		{51F8841B-E39C-4B31-9FD8-3374C101C74E}.Debug|x86.Build.0 = Debug|x86
		{51F8841B-E39C-4B31-9FD8-3374C101C74E}.Release|Any CPU.ActiveCfg = Release|Any CPU
		{51F8841B-E39C-4B31-9FD8-3374C101C74E}.Release|Any CPU.Build.0 = Release|Any CPU
		{51F8841B-E39C-4B31-9FD8-3374C101C74E}.Release|x86.ActiveCfg = Release|Any CPU
		{51F8841B-E39C-4B31-9FD8-3374C101C74E}.Release|x86.Build.0 = Release|Any CPU
		{13A3B924-9D13-422A-B6F4-EE7B14C1BBE0}.Debug|Any CPU.ActiveCfg = Debug|Any CPU
		{13A3B924-9D13-422A-B6F4-EE7B14C1BBE0}.Debug|Any CPU.Build.0 = Debug|Any CPU
		{13A3B924-9D13-422A-B6F4-EE7B14C1BBE0}.Debug|x86.ActiveCfg = Debug|Any CPU
		{13A3B924-9D13-422A-B6F4-EE7B14C1BBE0}.Release|Any CPU.ActiveCfg = Release|Any CPU
		{13A3B924-9D13-422A-B6F4-EE7B14C1BBE0}.Release|Any CPU.Build.0 = Release|Any CPU
		{13A3B924-9D13-422A-B6F4-EE7B14C1BBE0}.Release|x86.ActiveCfg = Release|Any CPU
		{4BF00B6C-2395-4368-A31C-239C4A459A7B}.Debug|Any CPU.ActiveCfg = Debug|Any CPU
		{4BF00B6C-2395-4368-A31C-239C4A459A7B}.Debug|Any CPU.Build.0 = Debug|Any CPU
		{4BF00B6C-2395-4368-A31C-239C4A459A7B}.Debug|x86.ActiveCfg = Debug|Any CPU
		{4BF00B6C-2395-4368-A31C-239C4A459A7B}.Release|Any CPU.ActiveCfg = Release|Any CPU
		{4BF00B6C-2395-4368-A31C-239C4A459A7B}.Release|Any CPU.Build.0 = Release|Any CPU
		{4BF00B6C-2395-4368-A31C-239C4A459A7B}.Release|x86.ActiveCfg = Release|Any CPU
	EndGlobalSection
	GlobalSection(SolutionProperties) = preSolution
		HideSolutionNode = FALSE
	EndGlobalSection
EndGlobal
